// !$*UTF8*$!
{
	archiveVersion = 1;
	classes = {
	};
	objectVersion = 77;
	objects = {

/* Begin PBXContainerItemProxy section */
		785C57082DDD38FF00BB9827 /* PBXContainerItemProxy */ = {
			isa = PBXContainerItemProxy;
			containerPortal = 785C56F12DDD38FD00BB9827 /* Project object */;
			proxyType = 1;
			remoteGlobalIDString = 785C56F82DDD38FD00BB9827;
			remoteInfo = AXspector;
		};
		785C57122DDD38FF00BB9827 /* PBXContainerItemProxy */ = {
			isa = PBXContainerItemProxy;
			containerPortal = 785C56F12DDD38FD00BB9827 /* Project object */;
			proxyType = 1;
			remoteGlobalIDString = 785C56F82DDD38FD00BB9827;
			remoteInfo = AXspector;
		};
/* End PBXContainerItemProxy section */

/* Begin PBXFileReference section */
		785C56F92DDD38FD00BB9827 /* AXspector.app */ = {isa = PBXFileReference; explicitFileType = wrapper.application; includeInIndex = 0; path = AXspector.app; sourceTree = BUILT_PRODUCTS_DIR; };
		785C57072DDD38FF00BB9827 /* AXspectorTests.xctest */ = {isa = PBXFileReference; explicitFileType = wrapper.cfbundle; includeInIndex = 0; path = AXspectorTests.xctest; sourceTree = BUILT_PRODUCTS_DIR; };
		785C57112DDD38FF00BB9827 /* AXspectorUITests.xctest */ = {isa = PBXFileReference; explicitFileType = wrapper.cfbundle; includeInIndex = 0; path = AXspectorUITests.xctest; sourceTree = BUILT_PRODUCTS_DIR; };
/* End PBXFileReference section */

/* Begin PBXFileSystemSynchronizedRootGroup section */
		785C56FB2DDD38FD00BB9827 /* AXspector */ = {
			isa = PBXFileSystemSynchronizedRootGroup;
			path = AXspector;
			sourceTree = "<group>";
		};
		785C570A2DDD38FF00BB9827 /* AXspectorTests */ = {
			isa = PBXFileSystemSynchronizedRootGroup;
			path = AXspectorTests;
			sourceTree = "<group>";
		};
		785C57142DDD38FF00BB9827 /* AXspectorUITests */ = {
			isa = PBXFileSystemSynchronizedRootGroup;
			path = AXspectorUITests;
			sourceTree = "<group>";
		};
/* End PBXFileSystemSynchronizedRootGroup section */

/* Begin PBXFrameworksBuildPhase section */
		785C56F62DDD38FD00BB9827 /* Frameworks */ = {
			isa = PBXFrameworksBuildPhase;
			buildActionMask = 2147483647;
			files = (
			);
			runOnlyForDeploymentPostprocessing = 0;
		};
		785C57042DDD38FF00BB9827 /* Frameworks */ = {
			isa = PBXFrameworksBuildPhase;
			buildActionMask = 2147483647;
			files = (
			);
			runOnlyForDeploymentPostprocessing = 0;
		};
		785C570E2DDD38FF00BB9827 /* Frameworks */ = {
			isa = PBXFrameworksBuildPhase;
			buildActionMask = 2147483647;
			files = (
			);
			runOnlyForDeploymentPostprocessing = 0;
		};
/* End PBXFrameworksBuildPhase section */

/* Begin PBXGroup section */
		785C56F02DDD38FD00BB9827 = {
			isa = PBXGroup;
			children = (
				785C56FB2DDD38FD00BB9827 /* AXspector */,
				785C570A2DDD38FF00BB9827 /* AXspectorTests */,
				785C57142DDD38FF00BB9827 /* AXspectorUITests */,
				785C56FA2DDD38FD00BB9827 /* Products */,
			);
			sourceTree = "<group>";
		};
		785C56FA2DDD38FD00BB9827 /* Products */ = {
			isa = PBXGroup;
			children = (
				785C56F92DDD38FD00BB9827 /* AXspector.app */,
				785C57072DDD38FF00BB9827 /* AXspectorTests.xctest */,
				785C57112DDD38FF00BB9827 /* AXspectorUITests.xctest */,
			);
			name = Products;
			sourceTree = "<group>";
		};
/* End PBXGroup section */

/* Begin PBXNativeTarget section */
		785C56F82DDD38FD00BB9827 /* AXspector */ = {
			isa = PBXNativeTarget;
			buildConfigurationList = 785C571B2DDD38FF00BB9827 /* Build configuration list for PBXNativeTarget "AXspector" */;
			buildPhases = (
				785C56F52DDD38FD00BB9827 /* Sources */,
				785C56F62DDD38FD00BB9827 /* Frameworks */,
				785C56F72DDD38FD00BB9827 /* Resources */,
			);
			buildRules = (
			);
			dependencies = (
			);
			fileSystemSynchronizedGroups = (
				785C56FB2DDD38FD00BB9827 /* AXspector */,
			);
			name = AXspector;
			packageProductDependencies = (
			);
			productName = AXspector;
			productReference = 785C56F92DDD38FD00BB9827 /* AXspector.app */;
			productType = "com.apple.product-type.application";
		};
		785C57062DDD38FF00BB9827 /* AXspectorTests */ = {
			isa = PBXNativeTarget;
			buildConfigurationList = 785C571E2DDD38FF00BB9827 /* Build configuration list for PBXNativeTarget "AXspectorTests" */;
			buildPhases = (
				785C57032DDD38FF00BB9827 /* Sources */,
				785C57042DDD38FF00BB9827 /* Frameworks */,
				785C57052DDD38FF00BB9827 /* Resources */,
			);
			buildRules = (
			);
			dependencies = (
				785C57092DDD38FF00BB9827 /* PBXTargetDependency */,
			);
			fileSystemSynchronizedGroups = (
				785C570A2DDD38FF00BB9827 /* AXspectorTests */,
			);
			name = AXspectorTests;
			packageProductDependencies = (
			);
			productName = AXspectorTests;
			productReference = 785C57072DDD38FF00BB9827 /* AXspectorTests.xctest */;
			productType = "com.apple.product-type.bundle.unit-test";
		};
		785C57102DDD38FF00BB9827 /* AXspectorUITests */ = {
			isa = PBXNativeTarget;
			buildConfigurationList = 785C57212DDD38FF00BB9827 /* Build configuration list for PBXNativeTarget "AXspectorUITests" */;
			buildPhases = (
				785C570D2DDD38FF00BB9827 /* Sources */,
				785C570E2DDD38FF00BB9827 /* Frameworks */,
				785C570F2DDD38FF00BB9827 /* Resources */,
			);
			buildRules = (
			);
			dependencies = (
				785C57132DDD38FF00BB9827 /* PBXTargetDependency */,
			);
			fileSystemSynchronizedGroups = (
				785C57142DDD38FF00BB9827 /* AXspectorUITests */,
			);
			name = AXspectorUITests;
			packageProductDependencies = (
			);
			productName = AXspectorUITests;
			productReference = 785C57112DDD38FF00BB9827 /* AXspectorUITests.xctest */;
			productType = "com.apple.product-type.bundle.ui-testing";
		};
/* End PBXNativeTarget section */

/* Begin PBXProject section */
		785C56F12DDD38FD00BB9827 /* Project object */ = {
			isa = PBXProject;
			attributes = {
				BuildIndependentTargetsInParallel = 1;
				LastSwiftUpdateCheck = 1640;
				LastUpgradeCheck = 1640;
				TargetAttributes = {
					785C56F82DDD38FD00BB9827 = {
						CreatedOnToolsVersion = 16.4;
					};
					785C57062DDD38FF00BB9827 = {
						CreatedOnToolsVersion = 16.4;
						TestTargetID = 785C56F82DDD38FD00BB9827;
					};
					785C57102DDD38FF00BB9827 = {
						CreatedOnToolsVersion = 16.4;
						TestTargetID = 785C56F82DDD38FD00BB9827;
					};
				};
			};
			buildConfigurationList = 785C56F42DDD38FD00BB9827 /* Build configuration list for PBXProject "AXspector" */;
			developmentRegion = en;
			hasScannedForEncodings = 0;
			knownRegions = (
				en,
				Base,
			);
			mainGroup = 785C56F02DDD38FD00BB9827;
			minimizedProjectReferenceProxies = 1;
			preferredProjectObjectVersion = 77;
			productRefGroup = 785C56FA2DDD38FD00BB9827 /* Products */;
			projectDirPath = "";
			projectRoot = "";
			targets = (
				785C56F82DDD38FD00BB9827 /* AXspector */,
				785C57062DDD38FF00BB9827 /* AXspectorTests */,
				785C57102DDD38FF00BB9827 /* AXspectorUITests */,
			);
		};
/* End PBXProject section */

/* Begin PBXResourcesBuildPhase section */
		785C56F72DDD38FD00BB9827 /* Resources */ = {
			isa = PBXResourcesBuildPhase;
			buildActionMask = 2147483647;
			files = (
			);
			runOnlyForDeploymentPostprocessing = 0;
		};
		785C57052DDD38FF00BB9827 /* Resources */ = {
			isa = PBXResourcesBuildPhase;
			buildActionMask = 2147483647;
			files = (
			);
			runOnlyForDeploymentPostprocessing = 0;
		};
		785C570F2DDD38FF00BB9827 /* Resources */ = {
			isa = PBXResourcesBuildPhase;
			buildActionMask = 2147483647;
			files = (
			);
			runOnlyForDeploymentPostprocessing = 0;
		};
/* End PBXResourcesBuildPhase section */

/* Begin PBXSourcesBuildPhase section */
		785C56F52DDD38FD00BB9827 /* Sources */ = {
			isa = PBXSourcesBuildPhase;
			buildActionMask = 2147483647;
			files = (
			);
			runOnlyForDeploymentPostprocessing = 0;
		};
		785C57032DDD38FF00BB9827 /* Sources */ = {
			isa = PBXSourcesBuildPhase;
			buildActionMask = 2147483647;
			files = (
			);
			runOnlyForDeploymentPostprocessing = 0;
		};
		785C570D2DDD38FF00BB9827 /* Sources */ = {
			isa = PBXSourcesBuildPhase;
			buildActionMask = 2147483647;
			files = (
			);
			runOnlyForDeploymentPostprocessing = 0;
		};
/* End PBXSourcesBuildPhase section */

/* Begin PBXTargetDependency section */
		785C57092DDD38FF00BB9827 /* PBXTargetDependency */ = {
			isa = PBXTargetDependency;
			target = 785C56F82DDD38FD00BB9827 /* AXspector */;
			targetProxy = 785C57082DDD38FF00BB9827 /* PBXContainerItemProxy */;
		};
		785C57132DDD38FF00BB9827 /* PBXTargetDependency */ = {
			isa = PBXTargetDependency;
			target = 785C56F82DDD38FD00BB9827 /* AXspector */;
			targetProxy = 785C57122DDD38FF00BB9827 /* PBXContainerItemProxy */;
		};
/* End PBXTargetDependency section */

/* Begin XCBuildConfiguration section */
		785C57192DDD38FF00BB9827 /* Debug */ = {
			isa = XCBuildConfiguration;
			buildSettings = {
				ALWAYS_SEARCH_USER_PATHS = NO;
				ASSETCATALOG_COMPILER_GENERATE_SWIFT_ASSET_SYMBOL_EXTENSIONS = YES;
				CLANG_ANALYZER_NONNULL = YES;
				CLANG_ANALYZER_NUMBER_OBJECT_CONVERSION = YES_AGGRESSIVE;
				CLANG_CXX_LANGUAGE_STANDARD = "gnu++20";
				CLANG_ENABLE_MODULES = YES;
				CLANG_ENABLE_OBJC_ARC = YES;
				CLANG_ENABLE_OBJC_WEAK = YES;
				CLANG_WARN_BLOCK_CAPTURE_AUTORELEASING = YES;
				CLANG_WARN_BOOL_CONVERSION = YES;
				CLANG_WARN_COMMA = YES;
				CLANG_WARN_CONSTANT_CONVERSION = YES;
				CLANG_WARN_DEPRECATED_OBJC_IMPLEMENTATIONS = YES;
				CLANG_WARN_DIRECT_OBJC_ISA_USAGE = YES_ERROR;
				CLANG_WARN_DOCUMENTATION_COMMENTS = YES;
				CLANG_WARN_EMPTY_BODY = YES;
				CLANG_WARN_ENUM_CONVERSION = YES;
				CLANG_WARN_INFINITE_RECURSION = YES;
				CLANG_WARN_INT_CONVERSION = YES;
				CLANG_WARN_NON_LITERAL_NULL_CONVERSION = YES;
				CLANG_WARN_OBJC_IMPLICIT_RETAIN_SELF = YES;
				CLANG_WARN_OBJC_LITERAL_CONVERSION = YES;
				CLANG_WARN_OBJC_ROOT_CLASS = YES_ERROR;
				CLANG_WARN_QUOTED_INCLUDE_IN_FRAMEWORK_HEADER = YES;
				CLANG_WARN_RANGE_LOOP_ANALYSIS = YES;
				CLANG_WARN_STRICT_PROTOTYPES = YES;
				CLANG_WARN_SUSPICIOUS_MOVE = YES;
				CLANG_WARN_UNGUARDED_AVAILABILITY = YES_AGGRESSIVE;
				CLANG_WARN_UNREACHABLE_CODE = YES;
				CLANG_WARN__DUPLICATE_METHOD_MATCH = YES;
				COPY_PHASE_STRIP = NO;
				DEBUG_INFORMATION_FORMAT = dwarf;
				DEVELOPMENT_TEAM = Y5PE65HELJ;
				ENABLE_STRICT_OBJC_MSGSEND = YES;
				ENABLE_TESTABILITY = YES;
				ENABLE_USER_SCRIPT_SANDBOXING = YES;
				GCC_C_LANGUAGE_STANDARD = gnu17;
				GCC_DYNAMIC_NO_PIC = NO;
				GCC_NO_COMMON_BLOCKS = YES;
				GCC_OPTIMIZATION_LEVEL = 0;
				GCC_PREPROCESSOR_DEFINITIONS = (
					"DEBUG=1",
					"$(inherited)",
				);
				GCC_WARN_64_TO_32_BIT_CONVERSION = YES;
				GCC_WARN_ABOUT_RETURN_TYPE = YES_ERROR;
				GCC_WARN_UNDECLARED_SELECTOR = YES;
				GCC_WARN_UNINITIALIZED_AUTOS = YES_AGGRESSIVE;
				GCC_WARN_UNUSED_FUNCTION = YES;
				GCC_WARN_UNUSED_VARIABLE = YES;
				LOCALIZATION_PREFERS_STRING_CATALOGS = YES;
				MACOSX_DEPLOYMENT_TARGET = 15.5;
				MTL_ENABLE_DEBUG_INFO = INCLUDE_SOURCE;
				MTL_FAST_MATH = YES;
				ONLY_ACTIVE_ARCH = YES;
				SDKROOT = macosx;
				SWIFT_ACTIVE_COMPILATION_CONDITIONS = "DEBUG $(inherited)";
				SWIFT_OPTIMIZATION_LEVEL = "-Onone";
			};
			name = Debug;
		};
		785C571A2DDD38FF00BB9827 /* Release */ = {
			isa = XCBuildConfiguration;
			buildSettings = {
				ALWAYS_SEARCH_USER_PATHS = NO;
				ASSETCATALOG_COMPILER_GENERATE_SWIFT_ASSET_SYMBOL_EXTENSIONS = YES;
				CLANG_ANALYZER_NONNULL = YES;
				CLANG_ANALYZER_NUMBER_OBJECT_CONVERSION = YES_AGGRESSIVE;
				CLANG_CXX_LANGUAGE_STANDARD = "gnu++20";
				CLANG_ENABLE_MODULES = YES;
				CLANG_ENABLE_OBJC_ARC = YES;
				CLANG_ENABLE_OBJC_WEAK = YES;
				CLANG_WARN_BLOCK_CAPTURE_AUTORELEASING = YES;
				CLANG_WARN_BOOL_CONVERSION = YES;
				CLANG_WARN_COMMA = YES;
				CLANG_WARN_CONSTANT_CONVERSION = YES;
				CLANG_WARN_DEPRECATED_OBJC_IMPLEMENTATIONS = YES;
				CLANG_WARN_DIRECT_OBJC_ISA_USAGE = YES_ERROR;
				CLANG_WARN_DOCUMENTATION_COMMENTS = YES;
				CLANG_WARN_EMPTY_BODY = YES;
				CLANG_WARN_ENUM_CONVERSION = YES;
				CLANG_WARN_INFINITE_RECURSION = YES;
				CLANG_WARN_INT_CONVERSION = YES;
				CLANG_WARN_NON_LITERAL_NULL_CONVERSION = YES;
				CLANG_WARN_OBJC_IMPLICIT_RETAIN_SELF = YES;
				CLANG_WARN_OBJC_LITERAL_CONVERSION = YES;
				CLANG_WARN_OBJC_ROOT_CLASS = YES_ERROR;
				CLANG_WARN_QUOTED_INCLUDE_IN_FRAMEWORK_HEADER = YES;
				CLANG_WARN_RANGE_LOOP_ANALYSIS = YES;
				CLANG_WARN_STRICT_PROTOTYPES = YES;
				CLANG_WARN_SUSPICIOUS_MOVE = YES;
				CLANG_WARN_UNGUARDED_AVAILABILITY = YES_AGGRESSIVE;
				CLANG_WARN_UNREACHABLE_CODE = YES;
				CLANG_WARN__DUPLICATE_METHOD_MATCH = YES;
				COPY_PHASE_STRIP = NO;
				DEBUG_INFORMATION_FORMAT = "dwarf-with-dsym";
				DEVELOPMENT_TEAM = Y5PE65HELJ;
				ENABLE_NS_ASSERTIONS = NO;
				ENABLE_STRICT_OBJC_MSGSEND = YES;
				ENABLE_USER_SCRIPT_SANDBOXING = YES;
				GCC_C_LANGUAGE_STANDARD = gnu17;
				GCC_NO_COMMON_BLOCKS = YES;
				GCC_WARN_64_TO_32_BIT_CONVERSION = YES;
				GCC_WARN_ABOUT_RETURN_TYPE = YES_ERROR;
				GCC_WARN_UNDECLARED_SELECTOR = YES;
				GCC_WARN_UNINITIALIZED_AUTOS = YES_AGGRESSIVE;
				GCC_WARN_UNUSED_FUNCTION = YES;
				GCC_WARN_UNUSED_VARIABLE = YES;
				LOCALIZATION_PREFERS_STRING_CATALOGS = YES;
				MACOSX_DEPLOYMENT_TARGET = 15.5;
				MTL_ENABLE_DEBUG_INFO = NO;
				MTL_FAST_MATH = YES;
				SDKROOT = macosx;
				SWIFT_COMPILATION_MODE = wholemodule;
			};
			name = Release;
		};
		785C571C2DDD38FF00BB9827 /* Debug */ = {
			isa = XCBuildConfiguration;
			buildSettings = {
				ASSETCATALOG_COMPILER_APPICON_NAME = AppIcon;
				ASSETCATALOG_COMPILER_GLOBAL_ACCENT_COLOR_NAME = AccentColor;
				CODE_SIGN_ENTITLEMENTS = AXspector/AXspector.entitlements;
				CODE_SIGN_STYLE = Automatic;
				COMBINE_HIDPI_IMAGES = YES;
				CURRENT_PROJECT_VERSION = 1;
				DEVELOPMENT_TEAM = Y5PE65HELJ;
				ENABLE_HARDENED_RUNTIME = YES;
				ENABLE_PREVIEWS = YES;
				GENERATE_INFOPLIST_FILE = YES;
				INFOPLIST_KEY_NSHumanReadableCopyright = "";
				LD_RUNPATH_SEARCH_PATHS = (
					"$(inherited)",
					"@executable_path/../Frameworks",
				);
				MARKETING_VERSION = 1.0;
				PRODUCT_BUNDLE_IDENTIFIER = me.steipete.AXspector;
				PRODUCT_NAME = "$(TARGET_NAME)";
				REGISTER_APP_GROUPS = YES;
				SWIFT_EMIT_LOC_STRINGS = YES;
				SWIFT_VERSION = 5.0;
			};
			name = Debug;
		};
		785C571D2DDD38FF00BB9827 /* Release */ = {
			isa = XCBuildConfiguration;
			buildSettings = {
				ASSETCATALOG_COMPILER_APPICON_NAME = AppIcon;
				ASSETCATALOG_COMPILER_GLOBAL_ACCENT_COLOR_NAME = AccentColor;
				CODE_SIGN_ENTITLEMENTS = AXspector/AXspector.entitlements;
				CODE_SIGN_STYLE = Automatic;
				COMBINE_HIDPI_IMAGES = YES;
				CURRENT_PROJECT_VERSION = 1;
				DEVELOPMENT_TEAM = Y5PE65HELJ;
				ENABLE_HARDENED_RUNTIME = YES;
				ENABLE_PREVIEWS = YES;
				GENERATE_INFOPLIST_FILE = YES;
				INFOPLIST_KEY_NSHumanReadableCopyright = "";
				LD_RUNPATH_SEARCH_PATHS = (
					"$(inherited)",
					"@executable_path/../Frameworks",
				);
				MARKETING_VERSION = 1.0;
				PRODUCT_BUNDLE_IDENTIFIER = me.steipete.AXspector;
				PRODUCT_NAME = "$(TARGET_NAME)";
				REGISTER_APP_GROUPS = YES;
				SWIFT_EMIT_LOC_STRINGS = YES;
				SWIFT_VERSION = 5.0;
			};
			name = Release;
		};
		785C571F2DDD38FF00BB9827 /* Debug */ = {
			isa = XCBuildConfiguration;
			buildSettings = {
				BUNDLE_LOADER = "$(TEST_HOST)";
				CODE_SIGN_STYLE = Automatic;
				CURRENT_PROJECT_VERSION = 1;
				DEVELOPMENT_TEAM = Y5PE65HELJ;
				GENERATE_INFOPLIST_FILE = YES;
				MACOSX_DEPLOYMENT_TARGET = 15.5;
				MARKETING_VERSION = 1.0;
				PRODUCT_BUNDLE_IDENTIFIER = me.steipete.AXspectorTests;
				PRODUCT_NAME = "$(TARGET_NAME)";
				SWIFT_EMIT_LOC_STRINGS = NO;
				SWIFT_VERSION = 5.0;
				TEST_HOST = "$(BUILT_PRODUCTS_DIR)/AXspector.app/$(BUNDLE_EXECUTABLE_FOLDER_PATH)/AXspector";
			};
			name = Debug;
		};
		785C57202DDD38FF00BB9827 /* Release */ = {
			isa = XCBuildConfiguration;
			buildSettings = {
				BUNDLE_LOADER = "$(TEST_HOST)";
				CODE_SIGN_STYLE = Automatic;
				CURRENT_PROJECT_VERSION = 1;
				DEVELOPMENT_TEAM = Y5PE65HELJ;
				GENERATE_INFOPLIST_FILE = YES;
				MACOSX_DEPLOYMENT_TARGET = 15.5;
				MARKETING_VERSION = 1.0;
				PRODUCT_BUNDLE_IDENTIFIER = me.steipete.AXspectorTests;
				PRODUCT_NAME = "$(TARGET_NAME)";
				SWIFT_EMIT_LOC_STRINGS = NO;
				SWIFT_VERSION = 5.0;
				TEST_HOST = "$(BUILT_PRODUCTS_DIR)/AXspector.app/$(BUNDLE_EXECUTABLE_FOLDER_PATH)/AXspector";
			};
			name = Release;
		};
		785C57222DDD38FF00BB9827 /* Debug */ = {
			isa = XCBuildConfiguration;
			buildSettings = {
				CODE_SIGN_STYLE = Automatic;
				CURRENT_PROJECT_VERSION = 1;
				DEVELOPMENT_TEAM = Y5PE65HELJ;
				GENERATE_INFOPLIST_FILE = YES;
				MARKETING_VERSION = 1.0;
				PRODUCT_BUNDLE_IDENTIFIER = me.steipete.AXspectorUITests;
				PRODUCT_NAME = "$(TARGET_NAME)";
				SWIFT_EMIT_LOC_STRINGS = NO;
				SWIFT_VERSION = 5.0;
				TEST_TARGET_NAME = AXspector;
			};
			name = Debug;
		};
		785C57232DDD38FF00BB9827 /* Release */ = {
			isa = XCBuildConfiguration;
			buildSettings = {
				CODE_SIGN_STYLE = Automatic;
				CURRENT_PROJECT_VERSION = 1;
				DEVELOPMENT_TEAM = Y5PE65HELJ;
				GENERATE_INFOPLIST_FILE = YES;
				MARKETING_VERSION = 1.0;
				PRODUCT_BUNDLE_IDENTIFIER = me.steipete.AXspectorUITests;
				PRODUCT_NAME = "$(TARGET_NAME)";
				SWIFT_EMIT_LOC_STRINGS = NO;
				SWIFT_VERSION = 5.0;
				TEST_TARGET_NAME = AXspector;
			};
			name = Release;
		};
/* End XCBuildConfiguration section */

/* Begin XCConfigurationList section */
		785C56F42DDD38FD00BB9827 /* Build configuration list for PBXProject "AXspector" */ = {
			isa = XCConfigurationList;
			buildConfigurations = (
				785C57192DDD38FF00BB9827 /* Debug */,
				785C571A2DDD38FF00BB9827 /* Release */,
			);
			defaultConfigurationIsVisible = 0;
			defaultConfigurationName = Release;
		};
		785C571B2DDD38FF00BB9827 /* Build configuration list for PBXNativeTarget "AXspector" */ = {
			isa = XCConfigurationList;
			buildConfigurations = (
				785C571C2DDD38FF00BB9827 /* Debug */,
				785C571D2DDD38FF00BB9827 /* Release */,
			);
			defaultConfigurationIsVisible = 0;
			defaultConfigurationName = Release;
		};
		785C571E2DDD38FF00BB9827 /* Build configuration list for PBXNativeTarget "AXspectorTests" */ = {
			isa = XCConfigurationList;
			buildConfigurations = (
				785C571F2DDD38FF00BB9827 /* Debug */,
				785C57202DDD38FF00BB9827 /* Release */,
			);
			defaultConfigurationIsVisible = 0;
			defaultConfigurationName = Release;
		};
		785C57212DDD38FF00BB9827 /* Build configuration list for PBXNativeTarget "AXspectorUITests" */ = {
			isa = XCConfigurationList;
			buildConfigurations = (
				785C57222DDD38FF00BB9827 /* Debug */,
				785C57232DDD38FF00BB9827 /* Release */,
			);
			defaultConfigurationIsVisible = 0;
			defaultConfigurationName = Release;
		};
/* End XCConfigurationList section */
	};
	rootObject = 785C56F12DDD38FD00BB9827 /* Project object */;
}
